
Microsoft Visual Studio Solution File, Format Version 12.00
# Visual Studio Version 16
VisualStudioVersion = 16.0.30621.155
MinimumVisualStudioVersion = 10.0.40219.1
Project("{FAE04EC0-301F-11D3-BF4B-00C04F79EFBC}") = "060421Task", "060421Task\060421Task.csproj", "{B122E2B5-CDE5-4893-B83E-E3DE526FA48B}"
EndProject
Global
	GlobalSection(SolutionConfigurationPlatforms) = preSolution
		Debug|Any CPU = Debug|Any CPU
		Release|Any CPU = Release|Any CPU
	EndGlobalSection
	GlobalSection(ProjectConfigurationPlatforms) = postSolution
		{B122E2B5-CDE5-4893-B83E-E3DE526FA48B}.Debug|Any CPU.ActiveCfg = Debug|Any CPU
		{B122E2B5-CDE5-4893-B83E-E3DE526FA48B}.Debug|Any CPU.Build.0 = Debug|Any CPU
		{B122E2B5-CDE5-4893-B83E-E3DE526FA48B}.Release|Any CPU.ActiveCfg = Release|Any CPU
		{B122E2B5-CDE5-4893-B83E-E3DE526FA48B}.Release|Any CPU.Build.0 = Release|Any CPU
	EndGlobalSection
	GlobalSection(SolutionProperties) = preSolution
		HideSolutionNode = FALSE
	EndGlobalSection
	GlobalSection(ExtensibilityGlobals) = postSolution
		SolutionGuid = {BFFB1B7E-A0ED-4AF0-9765-AD24C3C88A4F}
	EndGlobalSection
EndGlobal
